{
  "name": "nodecli",
  "version": "1.0.0",
  "lockfileVersion": 2,
  "requires": true,
  "packages": {
    "": {
      "version": "1.0.0",
      "license": "MIT",
      "dependencies": {
        "commander": "^7.2.0",
        "marked": "^2.0.5"
      }
    },
    "node_modules/commander": {
      "version": "7.2.0",
      "resolved": "https://registry.npmjs.org/commander/-/commander-7.2.0.tgz",
      "integrity": "sha512-QrWXB+ZQSVPmIWIhtEO9H+gwHaMGYiF5ChvoJ+K9ZGHG/sVsa6yiesAD1GC/x46sET00Xlwo1u49RVVVzvcSkw==",
      "engines": {
        "node": ">= 10"
      }
    },
    "node_modules/marked": {
      "version": "2.0.5",
      "resolved": "https://registry.npmjs.org/marked/-/marked-2.0.5.tgz",
      "integrity": "sha512-yfCEUXmKhBPLOzEC7c+tc4XZdIeTdGoRCZakFMkCxodr7wDXqoapIME4wjcpBPJLNyUnKJ3e8rb8wlAgnLnaDw==",
      "bin": {
        "marked": "bin/marked"
      },
      "engines": {
        "node": ">= 8.16.2"
      }
    }
  },
  "dependencies": {
    "commander": {
      "version": "7.2.0",
      "resolved": "https://registry.npmjs.org/commander/-/commander-7.2.0.tgz",
      "integrity": "sha512-QrWXB+ZQSVPmIWIhtEO9H+gwHaMGYiF5ChvoJ+K9ZGHG/sVsa6yiesAD1GC/x46sET00Xlwo1u49RVVVzvcSkw=="
    },
    "marked": {
      "version": "2.0.5",
      "resolved": "https://registry.npmjs.org/marked/-/marked-2.0.5.tgz",
      "integrity": "sha512-yfCEUXmKhBPLOzEC7c+tc4XZdIeTdGoRCZakFMkCxodr7wDXqoapIME4wjcpBPJLNyUnKJ3e8rb8wlAgnLnaDw=="
    }
  }
}
